
Microsoft Visual Studio Solution File, Format Version 12.00
# Visual Studio Version 16
VisualStudioVersion = 16.0.30907.101
MinimumVisualStudioVersion = 10.0.40219.1
Project("{888888A0-9F3D-457C-B088-3A5042F75D52}") = "Ascii art", "Ascii art.pyproj", "{0182EA02-5F75-487E-8E5B-485C4AEEA86B}"
EndProject
Global
	GlobalSection(SolutionConfigurationPlatforms) = preSolution
		Debug|Any CPU = Debug|Any CPU
		Release|Any CPU = Release|Any CPU
	EndGlobalSection
	GlobalSection(ProjectConfigurationPlatforms) = postSolution
		{0182EA02-5F75-487E-8E5B-485C4AEEA86B}.Debug|Any CPU.ActiveCfg = Debug|Any CPU
		{0182EA02-5F75-487E-8E5B-485C4AEEA86B}.Release|Any CPU.ActiveCfg = Release|Any CPU
	EndGlobalSection
	GlobalSection(SolutionProperties) = preSolution
		HideSolutionNode = FALSE
	EndGlobalSection
	GlobalSection(ExtensibilityGlobals) = postSolution
		SolutionGuid = {FD150096-BF16-4B0D-BE48-99E909E94159}
	EndGlobalSection
EndGlobal
